
Microsoft Visual Studio Solution File, Format Version 12.00
# Visual Studio 15
VisualStudioVersion = 15.0.28307.421
MinimumVisualStudioVersion = 10.0.40219.1
Project("{FAE04EC0-301F-11D3-BF4B-00C04F79EFBC}") = "MentalHealthASP", "MentalHealthASP\MentalHealthASP.csproj", "{B558AFA7-CAF3-458A-95F0-D898AA7A637A}"
EndProject
Global
	GlobalSection(SolutionConfigurationPlatforms) = preSolution
		Debug|Any CPU = Debug|Any CPU
		Release|Any CPU = Release|Any CPU
	EndGlobalSection
	GlobalSection(ProjectConfigurationPlatforms) = postSolution
		{B558AFA7-CAF3-458A-95F0-D898AA7A637A}.Debug|Any CPU.ActiveCfg = Debug|Any CPU
		{B558AFA7-CAF3-458A-95F0-D898AA7A637A}.Debug|Any CPU.Build.0 = Debug|Any CPU
		{B558AFA7-CAF3-458A-95F0-D898AA7A637A}.Release|Any CPU.ActiveCfg = Release|Any CPU
		{B558AFA7-CAF3-458A-95F0-D898AA7A637A}.Release|Any CPU.Build.0 = Release|Any CPU
	EndGlobalSection
	GlobalSection(SolutionProperties) = preSolution
		HideSolutionNode = FALSE
	EndGlobalSection
	GlobalSection(ExtensibilityGlobals) = postSolution
		SolutionGuid = {B3B363B2-63A9-444A-B0D0-4421335FFE9E}
	EndGlobalSection
EndGlobal
